
Microsoft Visual Studio Solution File, Format Version 12.00
# Visual Studio Version 16
VisualStudioVersion = 16.0.30413.136
MinimumVisualStudioVersion = 10.0.40219.1
Project("{FAE04EC0-301F-11D3-BF4B-00C04F79EFBC}") = "SiLogger", "SiLogger\SiLogger.csproj", "{AD047ADE-2D50-4123-BB5D-6FB25340B037}"
EndProject
Global
	GlobalSection(SolutionConfigurationPlatforms) = preSolution
		Debug|Any CPU = Debug|Any CPU
		Release|Any CPU = Release|Any CPU
	EndGlobalSection
	GlobalSection(ProjectConfigurationPlatforms) = postSolution
		{AD047ADE-2D50-4123-BB5D-6FB25340B037}.Debug|Any CPU.ActiveCfg = Debug|Any CPU
		{AD047ADE-2D50-4123-BB5D-6FB25340B037}.Debug|Any CPU.Build.0 = Debug|Any CPU
		{AD047ADE-2D50-4123-BB5D-6FB25340B037}.Release|Any CPU.ActiveCfg = Release|Any CPU
		{AD047ADE-2D50-4123-BB5D-6FB25340B037}.Release|Any CPU.Build.0 = Release|Any CPU
	EndGlobalSection
	GlobalSection(SolutionProperties) = preSolution
		HideSolutionNode = FALSE
	EndGlobalSection
	GlobalSection(ExtensibilityGlobals) = postSolution
		SolutionGuid = {39477BCD-DEB3-48EB-97AC-FE3B65D117BE}
	EndGlobalSection
EndGlobal
